// !$*UTF8*$!
{
	archiveVersion = 1;
	classes = {
	};
	objectVersion = 48;
	objects = {

/* Begin PBXBuildFile section */
		3381C96120C92206005FD8CD /* Logger.swift in Sources */ = {isa = PBXBuildFile; fileRef = 3381C96020C92206005FD8CD /* Logger.swift */; };
		3381C96320CA0E9B005FD8CD /* RadarResult.swift in Sources */ = {isa = PBXBuildFile; fileRef = 3381C96220CA0E9B005FD8CD /* RadarResult.swift */; };
		AA4830F6209794FA00DF63C7 /* TankWorldSupport.swift in Sources */ = {isa = PBXBuildFile; fileRef = AA4830F5209794FA00DF63C7 /* TankWorldSupport.swift */; };
		AA4830F82099065200DF63C7 /* TankWorldActions.swift in Sources */ = {isa = PBXBuildFile; fileRef = AA4830F72099065200DF63C7 /* TankWorldActions.swift */; };
		AA4830FC209A13C900DF63C7 /* TankWorldDisplay.swift in Sources */ = {isa = PBXBuildFile; fileRef = AA4830FB209A13C900DF63C7 /* TankWorldDisplay.swift */; };
		AA4830FE209A141000DF63C7 /* GameObject.swift in Sources */ = {isa = PBXBuildFile; fileRef = AA4830FD209A141000DF63C7 /* GameObject.swift */; };
		AA483102209A144400DF63C7 /* TankWorld.swift in Sources */ = {isa = PBXBuildFile; fileRef = AA483101209A144400DF63C7 /* TankWorld.swift */; };
		AA483105209A170C00DF63C7 /* Tank.swift in Sources */ = {isa = PBXBuildFile; fileRef = AA483104209A170C00DF63C7 /* Tank.swift */; };
		AA483107209A1F7800DF63C7 /* Mine.swift in Sources */ = {isa = PBXBuildFile; fileRef = AA483106209A1F7800DF63C7 /* Mine.swift */; };
		AA483109209A1F8A00DF63C7 /* Rover.swift in Sources */ = {isa = PBXBuildFile; fileRef = AA483108209A1F8A00DF63C7 /* Rover.swift */; };
		AA48310C209A21D200DF63C7 /* constants.swift in Sources */ = {isa = PBXBuildFile; fileRef = AA48310B209A21D200DF63C7 /* constants.swift */; };
		AA48310E20A3504800DF63C7 /* Position.swift in Sources */ = {isa = PBXBuildFile; fileRef = AA48310D20A3504800DF63C7 /* Position.swift */; };
		AAF4FB9E207BE29A004B8B67 /* main.swift in Sources */ = {isa = PBXBuildFile; fileRef = AAF4FB9D207BE29A004B8B67 /* main.swift */; };
/* End PBXBuildFile section */

/* Begin PBXCopyFilesBuildPhase section */
		AAF4FB98207BE29A004B8B67 /* CopyFiles */ = {
			isa = PBXCopyFilesBuildPhase;
			buildActionMask = 2147483647;
			dstPath = /usr/share/man/man1/;
			dstSubfolderSpec = 0;
			files = (
			);
			runOnlyForDeploymentPostprocessing = 1;
		};
/* End PBXCopyFilesBuildPhase section */

/* Begin PBXFileReference section */
		3381C96020C92206005FD8CD /* Logger.swift */ = {isa = PBXFileReference; lastKnownFileType = sourcecode.swift; path = Logger.swift; sourceTree = "<group>"; };
		3381C96220CA0E9B005FD8CD /* RadarResult.swift */ = {isa = PBXFileReference; lastKnownFileType = sourcecode.swift; path = RadarResult.swift; sourceTree = "<group>"; };
		AA4830F5209794FA00DF63C7 /* TankWorldSupport.swift */ = {isa = PBXFileReference; lastKnownFileType = sourcecode.swift; path = TankWorldSupport.swift; sourceTree = "<group>"; };
		AA4830F72099065200DF63C7 /* TankWorldActions.swift */ = {isa = PBXFileReference; lastKnownFileType = sourcecode.swift; path = TankWorldActions.swift; sourceTree = "<group>"; };
		AA4830FB209A13C900DF63C7 /* TankWorldDisplay.swift */ = {isa = PBXFileReference; lastKnownFileType = sourcecode.swift; path = TankWorldDisplay.swift; sourceTree = "<group>"; };
		AA4830FD209A141000DF63C7 /* GameObject.swift */ = {isa = PBXFileReference; lastKnownFileType = sourcecode.swift; path = GameObject.swift; sourceTree = "<group>"; };
		AA483101209A144400DF63C7 /* TankWorld.swift */ = {isa = PBXFileReference; lastKnownFileType = sourcecode.swift; path = TankWorld.swift; sourceTree = "<group>"; };
		AA483104209A170C00DF63C7 /* Tank.swift */ = {isa = PBXFileReference; lastKnownFileType = sourcecode.swift; path = Tank.swift; sourceTree = "<group>"; };
		AA483106209A1F7800DF63C7 /* Mine.swift */ = {isa = PBXFileReference; lastKnownFileType = sourcecode.swift; path = Mine.swift; sourceTree = "<group>"; };
		AA483108209A1F8A00DF63C7 /* Rover.swift */ = {isa = PBXFileReference; lastKnownFileType = sourcecode.swift; path = Rover.swift; sourceTree = "<group>"; };
		AA48310B209A21D200DF63C7 /* constants.swift */ = {isa = PBXFileReference; lastKnownFileType = sourcecode.swift; path = constants.swift; sourceTree = "<group>"; };
		AA48310D20A3504800DF63C7 /* Position.swift */ = {isa = PBXFileReference; lastKnownFileType = sourcecode.swift; path = Position.swift; sourceTree = "<group>"; };
		AAF4FB9A207BE29A004B8B67 /* TankLand */ = {isa = PBXFileReference; explicitFileType = "compiled.mach-o.executable"; includeInIndex = 0; path = TankLand; sourceTree = BUILT_PRODUCTS_DIR; };
		AAF4FB9D207BE29A004B8B67 /* main.swift */ = {isa = PBXFileReference; lastKnownFileType = sourcecode.swift; path = main.swift; sourceTree = "<group>"; };
/* End PBXFileReference section */

/* Begin PBXFrameworksBuildPhase section */
		AAF4FB97207BE29A004B8B67 /* Frameworks */ = {
			isa = PBXFrameworksBuildPhase;
			buildActionMask = 2147483647;
			files = (
			);
			runOnlyForDeploymentPostprocessing = 0;
		};
/* End PBXFrameworksBuildPhase section */

/* Begin PBXGroup section */
		AA483103209A152800DF63C7 /* TankWorld */ = {
			isa = PBXGroup;
			children = (
				AA48310B209A21D200DF63C7 /* constants.swift */,
				AA48310D20A3504800DF63C7 /* Position.swift */,
				3381C96020C92206005FD8CD /* Logger.swift */,
				AA483101209A144400DF63C7 /* TankWorld.swift */,
				AA4830FD209A141000DF63C7 /* GameObject.swift */,
				AA483106209A1F7800DF63C7 /* Mine.swift */,
				AA483108209A1F8A00DF63C7 /* Rover.swift */,
				AA483104209A170C00DF63C7 /* Tank.swift */,
				3381C96220CA0E9B005FD8CD /* RadarResult.swift */,
			);
			path = TankWorld;
			sourceTree = "<group>";
		};
		AA48310A209A1FCB00DF63C7 /* TankWorldActions */ = {
			isa = PBXGroup;
			children = (
				AA4830F72099065200DF63C7 /* TankWorldActions.swift */,
			);
			path = TankWorldActions;
			sourceTree = "<group>";
		};
		AAF4FB91207BE29A004B8B67 = {
			isa = PBXGroup;
			children = (
				AAF4FB9C207BE29A004B8B67 /* TankLand */,
				AAF4FB9B207BE29A004B8B67 /* Products */,
			);
			sourceTree = "<group>";
		};
		AAF4FB9B207BE29A004B8B67 /* Products */ = {
			isa = PBXGroup;
			children = (
				AAF4FB9A207BE29A004B8B67 /* TankLand */,
			);
			name = Products;
			sourceTree = "<group>";
		};
		AAF4FB9C207BE29A004B8B67 /* TankLand */ = {
			isa = PBXGroup;
			children = (
				AAF4FB9D207BE29A004B8B67 /* main.swift */,
				AA483103209A152800DF63C7 /* TankWorld */,
				AA4830FB209A13C900DF63C7 /* TankWorldDisplay.swift */,
				AA4830F5209794FA00DF63C7 /* TankWorldSupport.swift */,
				AA48310A209A1FCB00DF63C7 /* TankWorldActions */,
			);
			path = TankLand;
			sourceTree = "<group>";
		};
/* End PBXGroup section */

/* Begin PBXNativeTarget section */
		AAF4FB99207BE29A004B8B67 /* TankLand */ = {
			isa = PBXNativeTarget;
			buildConfigurationList = AAF4FBA1207BE29A004B8B67 /* Build configuration list for PBXNativeTarget "TankLand" */;
			buildPhases = (
				AAF4FB96207BE29A004B8B67 /* Sources */,
				AAF4FB97207BE29A004B8B67 /* Frameworks */,
				AAF4FB98207BE29A004B8B67 /* CopyFiles */,
			);
			buildRules = (
			);
			dependencies = (
			);
			name = TankLand;
			productName = TankLand;
			productReference = AAF4FB9A207BE29A004B8B67 /* TankLand */;
			productType = "com.apple.product-type.tool";
		};
/* End PBXNativeTarget section */

/* Begin PBXProject section */
		AAF4FB92207BE29A004B8B67 /* Project object */ = {
			isa = PBXProject;
			attributes = {
				LastSwiftUpdateCheck = 0920;
				LastUpgradeCheck = 0920;
				ORGANIZATIONNAME = "Jennifer W.";
				TargetAttributes = {
					AAF4FB99207BE29A004B8B67 = {
						CreatedOnToolsVersion = 9.2;
						ProvisioningStyle = Automatic;
					};
				};
			};
			buildConfigurationList = AAF4FB95207BE29A004B8B67 /* Build configuration list for PBXProject "TankLand" */;
			compatibilityVersion = "Xcode 8.0";
			developmentRegion = en;
			hasScannedForEncodings = 0;
			knownRegions = (
				en,
			);
			mainGroup = AAF4FB91207BE29A004B8B67;
			productRefGroup = AAF4FB9B207BE29A004B8B67 /* Products */;
			projectDirPath = "";
			projectRoot = "";
			targets = (
				AAF4FB99207BE29A004B8B67 /* TankLand */,
			);
		};
/* End PBXProject section */

/* Begin PBXSourcesBuildPhase section */
		AAF4FB96207BE29A004B8B67 /* Sources */ = {
			isa = PBXSourcesBuildPhase;
			buildActionMask = 2147483647;
			files = (
				AA48310E20A3504800DF63C7 /* Position.swift in Sources */,
				AA4830FE209A141000DF63C7 /* GameObject.swift in Sources */,
				AA4830F82099065200DF63C7 /* TankWorldActions.swift in Sources */,
				AAF4FB9E207BE29A004B8B67 /* main.swift in Sources */,
				AA48310C209A21D200DF63C7 /* constants.swift in Sources */,
				AA483105209A170C00DF63C7 /* Tank.swift in Sources */,
				AA4830F6209794FA00DF63C7 /* TankWorldSupport.swift in Sources */,
				3381C96320CA0E9B005FD8CD /* RadarResult.swift in Sources */,
				3381C96120C92206005FD8CD /* Logger.swift in Sources */,
				AA483109209A1F8A00DF63C7 /* Rover.swift in Sources */,
				AA4830FC209A13C900DF63C7 /* TankWorldDisplay.swift in Sources */,
				AA483107209A1F7800DF63C7 /* Mine.swift in Sources */,
				AA483102209A144400DF63C7 /* TankWorld.swift in Sources */,
			);
			runOnlyForDeploymentPostprocessing = 0;
		};
/* End PBXSourcesBuildPhase section */

/* Begin XCBuildConfiguration section */
		AAF4FB9F207BE29A004B8B67 /* Debug */ = {
			isa = XCBuildConfiguration;
			buildSettings = {
				ALWAYS_SEARCH_USER_PATHS = NO;
				CLANG_ANALYZER_NONNULL = YES;
				CLANG_ANALYZER_NUMBER_OBJECT_CONVERSION = YES_AGGRESSIVE;
				CLANG_CXX_LANGUAGE_STANDARD = "gnu++14";
				CLANG_CXX_LIBRARY = "libc++";
				CLANG_ENABLE_MODULES = YES;
				CLANG_ENABLE_OBJC_ARC = YES;
				CLANG_WARN_BLOCK_CAPTURE_AUTORELEASING = YES;
				CLANG_WARN_BOOL_CONVERSION = YES;
				CLANG_WARN_COMMA = YES;
				CLANG_WARN_CONSTANT_CONVERSION = YES;
				CLANG_WARN_DIRECT_OBJC_ISA_USAGE = YES_ERROR;
				CLANG_WARN_DOCUMENTATION_COMMENTS = YES;
				CLANG_WARN_EMPTY_BODY = YES;
				CLANG_WARN_ENUM_CONVERSION = YES;
				CLANG_WARN_INFINITE_RECURSION = YES;
				CLANG_WARN_INT_CONVERSION = YES;
				CLANG_WARN_NON_LITERAL_NULL_CONVERSION = YES;
				CLANG_WARN_OBJC_LITERAL_CONVERSION = YES;
				CLANG_WARN_OBJC_ROOT_CLASS = YES_ERROR;
				CLANG_WARN_RANGE_LOOP_ANALYSIS = YES;
				CLANG_WARN_STRICT_PROTOTYPES = YES;
				CLANG_WARN_SUSPICIOUS_MOVE = YES;
				CLANG_WARN_UNGUARDED_AVAILABILITY = YES_AGGRESSIVE;
				CLANG_WARN_UNREACHABLE_CODE = YES;
				CLANG_WARN__DUPLICATE_METHOD_MATCH = YES;
				CODE_SIGN_IDENTITY = "-";
				COPY_PHASE_STRIP = NO;
				DEBUG_INFORMATION_FORMAT = dwarf;
				ENABLE_STRICT_OBJC_MSGSEND = YES;
				ENABLE_TESTABILITY = YES;
				GCC_C_LANGUAGE_STANDARD = gnu11;
				GCC_DYNAMIC_NO_PIC = NO;
				GCC_NO_COMMON_BLOCKS = YES;
				GCC_OPTIMIZATION_LEVEL = 0;
				GCC_PREPROCESSOR_DEFINITIONS = (
					"DEBUG=1",
					"$(inherited)",
				);
				GCC_WARN_64_TO_32_BIT_CONVERSION = YES;
				GCC_WARN_ABOUT_RETURN_TYPE = YES_ERROR;
				GCC_WARN_UNDECLARED_SELECTOR = YES;
				GCC_WARN_UNINITIALIZED_AUTOS = YES_AGGRESSIVE;
				GCC_WARN_UNUSED_FUNCTION = YES;
				GCC_WARN_UNUSED_VARIABLE = YES;
				MACOSX_DEPLOYMENT_TARGET = 10.13;
				MTL_ENABLE_DEBUG_INFO = YES;
				ONLY_ACTIVE_ARCH = YES;
				SDKROOT = macosx;
				SWIFT_ACTIVE_COMPILATION_CONDITIONS = DEBUG;
				SWIFT_OPTIMIZATION_LEVEL = "-Onone";
			};
			name = Debug;
		};
		AAF4FBA0207BE29A004B8B67 /* Release */ = {
			isa = XCBuildConfiguration;
			buildSettings = {
				ALWAYS_SEARCH_USER_PATHS = NO;
				CLANG_ANALYZER_NONNULL = YES;
				CLANG_ANALYZER_NUMBER_OBJECT_CONVERSION = YES_AGGRESSIVE;
				CLANG_CXX_LANGUAGE_STANDARD = "gnu++14";
				CLANG_CXX_LIBRARY = "libc++";
				CLANG_ENABLE_MODULES = YES;
				CLANG_ENABLE_OBJC_ARC = YES;
				CLANG_WARN_BLOCK_CAPTURE_AUTORELEASING = YES;
				CLANG_WARN_BOOL_CONVERSION = YES;
				CLANG_WARN_COMMA = YES;
				CLANG_WARN_CONSTANT_CONVERSION = YES;
				CLANG_WARN_DIRECT_OBJC_ISA_USAGE = YES_ERROR;
				CLANG_WARN_DOCUMENTATION_COMMENTS = YES;
				CLANG_WARN_EMPTY_BODY = YES;
				CLANG_WARN_ENUM_CONVERSION = YES;
				CLANG_WARN_INFINITE_RECURSION = YES;
				CLANG_WARN_INT_CONVERSION = YES;
				CLANG_WARN_NON_LITERAL_NULL_CONVERSION = YES;
				CLANG_WARN_OBJC_LITERAL_CONVERSION = YES;
				CLANG_WARN_OBJC_ROOT_CLASS = YES_ERROR;
				CLANG_WARN_RANGE_LOOP_ANALYSIS = YES;
				CLANG_WARN_STRICT_PROTOTYPES = YES;
				CLANG_WARN_SUSPICIOUS_MOVE = YES;
				CLANG_WARN_UNGUARDED_AVAILABILITY = YES_AGGRESSIVE;
				CLANG_WARN_UNREACHABLE_CODE = YES;
				CLANG_WARN__DUPLICATE_METHOD_MATCH = YES;
				CODE_SIGN_IDENTITY = "-";
				COPY_PHASE_STRIP = NO;
				DEBUG_INFORMATION_FORMAT = "dwarf-with-dsym";
				ENABLE_NS_ASSERTIONS = NO;
				ENABLE_STRICT_OBJC_MSGSEND = YES;
				GCC_C_LANGUAGE_STANDARD = gnu11;
				GCC_NO_COMMON_BLOCKS = YES;
				GCC_WARN_64_TO_32_BIT_CONVERSION = YES;
				GCC_WARN_ABOUT_RETURN_TYPE = YES_ERROR;
				GCC_WARN_UNDECLARED_SELECTOR = YES;
				GCC_WARN_UNINITIALIZED_AUTOS = YES_AGGRESSIVE;
				GCC_WARN_UNUSED_FUNCTION = YES;
				GCC_WARN_UNUSED_VARIABLE = YES;
				MACOSX_DEPLOYMENT_TARGET = 10.13;
				MTL_ENABLE_DEBUG_INFO = NO;
				SDKROOT = macosx;
				SWIFT_OPTIMIZATION_LEVEL = "-O";
			};
			name = Release;
		};
		AAF4FBA2207BE29A004B8B67 /* Debug */ = {
			isa = XCBuildConfiguration;
			buildSettings = {
				CODE_SIGN_STYLE = Automatic;
				PRODUCT_NAME = "$(TARGET_NAME)";
				SWIFT_VERSION = 4.0;
			};
			name = Debug;
		};
		AAF4FBA3207BE29A004B8B67 /* Release */ = {
			isa = XCBuildConfiguration;
			buildSettings = {
				CODE_SIGN_STYLE = Automatic;
				PRODUCT_NAME = "$(TARGET_NAME)";
				SWIFT_VERSION = 4.0;
			};
			name = Release;
		};
/* End XCBuildConfiguration section */

/* Begin XCConfigurationList section */
		AAF4FB95207BE29A004B8B67 /* Build configuration list for PBXProject "TankLand" */ = {
			isa = XCConfigurationList;
			buildConfigurations = (
				AAF4FB9F207BE29A004B8B67 /* Debug */,
				AAF4FBA0207BE29A004B8B67 /* Release */,
			);
			defaultConfigurationIsVisible = 0;
			defaultConfigurationName = Release;
		};
		AAF4FBA1207BE29A004B8B67 /* Build configuration list for PBXNativeTarget "TankLand" */ = {
			isa = XCConfigurationList;
			buildConfigurations = (
				AAF4FBA2207BE29A004B8B67 /* Debug */,
				AAF4FBA3207BE29A004B8B67 /* Release */,
			);
			defaultConfigurationIsVisible = 0;
			defaultConfigurationName = Release;
		};
/* End XCConfigurationList section */
	};
	rootObject = AAF4FB92207BE29A004B8B67 /* Project object */;
}
